// !$*UTF8*$!
{
	archiveVersion = 1;
	classes = {
	};
	objectVersion = 56;
	objects = {

/* Begin PBXBuildFile section */
		EC06C53B2A558F78006FE74A /* CustomButton.swift in Sources */ = {isa = PBXBuildFile; fileRef = EC06C53A2A558F78006FE74A /* CustomButton.swift */; };
		EC06C53E2A55C81D006FE74A /* RegisterViewViewModel.swift in Sources */ = {isa = PBXBuildFile; fileRef = EC06C53D2A55C81D006FE74A /* RegisterViewViewModel.swift */; };
		EC64F7982A53613900C900DC /* GoogleService-Info.plist in Resources */ = {isa = PBXBuildFile; fileRef = EC64F7972A53613900C900DC /* GoogleService-Info.plist */; };
		EC64F79B2A53F91E00C900DC /* FirebaseAuth in Frameworks */ = {isa = PBXBuildFile; productRef = EC64F79A2A53F91E00C900DC /* FirebaseAuth */; };
		EC64F79D2A53F91E00C900DC /* FirebaseAuthCombine-Community in Frameworks */ = {isa = PBXBuildFile; productRef = EC64F79C2A53F91E00C900DC /* FirebaseAuthCombine-Community */; };
		EC64F79F2A53F91E00C900DC /* FirebaseDatabase in Frameworks */ = {isa = PBXBuildFile; productRef = EC64F79E2A53F91E00C900DC /* FirebaseDatabase */; };
		EC64F7A12A53F91E00C900DC /* FirebaseDatabaseSwift in Frameworks */ = {isa = PBXBuildFile; productRef = EC64F7A02A53F91E00C900DC /* FirebaseDatabaseSwift */; };
		EC64F7A32A53F91E00C900DC /* FirebaseFirestore in Frameworks */ = {isa = PBXBuildFile; productRef = EC64F7A22A53F91E00C900DC /* FirebaseFirestore */; };
		EC64F7A52A53F91E00C900DC /* FirebaseFirestoreCombine-Community in Frameworks */ = {isa = PBXBuildFile; productRef = EC64F7A42A53F91E00C900DC /* FirebaseFirestoreCombine-Community */; };
		EC64F7A72A53F91E00C900DC /* FirebaseFirestoreSwift in Frameworks */ = {isa = PBXBuildFile; productRef = EC64F7A62A53F91E00C900DC /* FirebaseFirestoreSwift */; };
		EC64F7A92A53F91E00C900DC /* FirebaseStorage in Frameworks */ = {isa = PBXBuildFile; productRef = EC64F7A82A53F91E00C900DC /* FirebaseStorage */; };
		EC64F7AB2A53F91E00C900DC /* FirebaseStorageCombine-Community in Frameworks */ = {isa = PBXBuildFile; productRef = EC64F7AA2A53F91E00C900DC /* FirebaseStorageCombine-Community */; };
		EC64F7AE2A54287500C900DC /* OnboardingVC.swift in Sources */ = {isa = PBXBuildFile; fileRef = EC64F7AD2A54287500C900DC /* OnboardingVC.swift */; };
		EC64F7B02A54440800C900DC /* Color+Ext.swift in Sources */ = {isa = PBXBuildFile; fileRef = EC64F7AF2A54440800C900DC /* Color+Ext.swift */; };
		EC64F7B22A54699900C900DC /* RegisterVC.swift in Sources */ = {isa = PBXBuildFile; fileRef = EC64F7B12A54699900C900DC /* RegisterVC.swift */; };
		ECE6F0712A4B7B8E000FA778 /* AppDelegate.swift in Sources */ = {isa = PBXBuildFile; fileRef = ECE6F0702A4B7B8E000FA778 /* AppDelegate.swift */; };
		ECE6F0732A4B7B8E000FA778 /* SceneDelegate.swift in Sources */ = {isa = PBXBuildFile; fileRef = ECE6F0722A4B7B8E000FA778 /* SceneDelegate.swift */; };
		ECE6F0752A4B7B8E000FA778 /* MainTabBarVC.swift in Sources */ = {isa = PBXBuildFile; fileRef = ECE6F0742A4B7B8E000FA778 /* MainTabBarVC.swift */; };
		ECE6F07A2A4B7B90000FA778 /* Assets.xcassets in Resources */ = {isa = PBXBuildFile; fileRef = ECE6F0792A4B7B90000FA778 /* Assets.xcassets */; };
		ECE6F07D2A4B7B90000FA778 /* LaunchScreen.storyboard in Resources */ = {isa = PBXBuildFile; fileRef = ECE6F07B2A4B7B90000FA778 /* LaunchScreen.storyboard */; };
		ECE6F0892A4B83ED000FA778 /* DirectMessagesVC.swift in Sources */ = {isa = PBXBuildFile; fileRef = ECE6F0882A4B83ED000FA778 /* DirectMessagesVC.swift */; };
		ECE6F08B2A4B8416000FA778 /* NotificationsVC.swift in Sources */ = {isa = PBXBuildFile; fileRef = ECE6F08A2A4B8416000FA778 /* NotificationsVC.swift */; };
		ECE6F08D2A4B8430000FA778 /* HomeVC.swift in Sources */ = {isa = PBXBuildFile; fileRef = ECE6F08C2A4B8430000FA778 /* HomeVC.swift */; };
		ECE6F08F2A4B844A000FA778 /* SearchVC.swift in Sources */ = {isa = PBXBuildFile; fileRef = ECE6F08E2A4B844A000FA778 /* SearchVC.swift */; };
		ECE6F0922A4BF740000FA778 /* TweetTableViewCell.swift in Sources */ = {isa = PBXBuildFile; fileRef = ECE6F0912A4BF740000FA778 /* TweetTableViewCell.swift */; };
		ECE6F0952A4C9FBC000FA778 /* SnapKit in Frameworks */ = {isa = PBXBuildFile; productRef = ECE6F0942A4C9FBC000FA778 /* SnapKit */; };
		ECE6F0992A4CA62F000FA778 /* CustomLabel.swift in Sources */ = {isa = PBXBuildFile; fileRef = ECE6F0982A4CA62F000FA778 /* CustomLabel.swift */; };
		ECE6F09C2A4CD210000FA778 /* TweetButton.swift in Sources */ = {isa = PBXBuildFile; fileRef = ECE6F09B2A4CD210000FA778 /* TweetButton.swift */; };
		ECE6F09F2A4CDE2B000FA778 /* UIView+Ext.swift in Sources */ = {isa = PBXBuildFile; fileRef = ECE6F09E2A4CDE2B000FA778 /* UIView+Ext.swift */; };
		ECE6F0A12A4EFD70000FA778 /* Constants.swift in Sources */ = {isa = PBXBuildFile; fileRef = ECE6F0A02A4EFD70000FA778 /* Constants.swift */; };
		ECE6F0A42A4F09CF000FA778 /* ProfileVC.swift in Sources */ = {isa = PBXBuildFile; fileRef = ECE6F0A32A4F09CF000FA778 /* ProfileVC.swift */; };
		ECE6F0A62A4F4E75000FA778 /* ProfileTableViewHeader.swift in Sources */ = {isa = PBXBuildFile; fileRef = ECE6F0A52A4F4E75000FA778 /* ProfileTableViewHeader.swift */; };
		ECE6F0A92A4F5AFD000FA778 /* CustomImageView.swift in Sources */ = {isa = PBXBuildFile; fileRef = ECE6F0A82A4F5AFD000FA778 /* CustomImageView.swift */; };
/* End PBXBuildFile section */

/* Begin PBXFileReference section */
		EC06C53A2A558F78006FE74A /* CustomButton.swift */ = {isa = PBXFileReference; lastKnownFileType = sourcecode.swift; path = CustomButton.swift; sourceTree = "<group>"; };
		EC06C53D2A55C81D006FE74A /* RegisterViewViewModel.swift */ = {isa = PBXFileReference; lastKnownFileType = sourcecode.swift; path = RegisterViewViewModel.swift; sourceTree = "<group>"; };
		EC64F7972A53613900C900DC /* GoogleService-Info.plist */ = {isa = PBXFileReference; fileEncoding = 4; lastKnownFileType = text.plist.xml; path = "GoogleService-Info.plist"; sourceTree = "<group>"; };
		EC64F7AD2A54287500C900DC /* OnboardingVC.swift */ = {isa = PBXFileReference; lastKnownFileType = sourcecode.swift; path = OnboardingVC.swift; sourceTree = "<group>"; };
		EC64F7AF2A54440800C900DC /* Color+Ext.swift */ = {isa = PBXFileReference; lastKnownFileType = sourcecode.swift; path = "Color+Ext.swift"; sourceTree = "<group>"; };
		EC64F7B12A54699900C900DC /* RegisterVC.swift */ = {isa = PBXFileReference; lastKnownFileType = sourcecode.swift; path = RegisterVC.swift; sourceTree = "<group>"; };
		ECE6F06D2A4B7B8E000FA778 /* TwitterApp.app */ = {isa = PBXFileReference; explicitFileType = wrapper.application; includeInIndex = 0; path = TwitterApp.app; sourceTree = BUILT_PRODUCTS_DIR; };
		ECE6F0702A4B7B8E000FA778 /* AppDelegate.swift */ = {isa = PBXFileReference; lastKnownFileType = sourcecode.swift; path = AppDelegate.swift; sourceTree = "<group>"; };
		ECE6F0722A4B7B8E000FA778 /* SceneDelegate.swift */ = {isa = PBXFileReference; lastKnownFileType = sourcecode.swift; path = SceneDelegate.swift; sourceTree = "<group>"; };
		ECE6F0742A4B7B8E000FA778 /* MainTabBarVC.swift */ = {isa = PBXFileReference; lastKnownFileType = sourcecode.swift; path = MainTabBarVC.swift; sourceTree = "<group>"; };
		ECE6F0792A4B7B90000FA778 /* Assets.xcassets */ = {isa = PBXFileReference; lastKnownFileType = folder.assetcatalog; path = Assets.xcassets; sourceTree = "<group>"; };
		ECE6F07C2A4B7B90000FA778 /* Base */ = {isa = PBXFileReference; lastKnownFileType = file.storyboard; name = Base; path = Base.lproj/LaunchScreen.storyboard; sourceTree = "<group>"; };
		ECE6F07E2A4B7B90000FA778 /* Info.plist */ = {isa = PBXFileReference; lastKnownFileType = text.plist.xml; path = Info.plist; sourceTree = "<group>"; };
		ECE6F0882A4B83ED000FA778 /* DirectMessagesVC.swift */ = {isa = PBXFileReference; lastKnownFileType = sourcecode.swift; path = DirectMessagesVC.swift; sourceTree = "<group>"; };
		ECE6F08A2A4B8416000FA778 /* NotificationsVC.swift */ = {isa = PBXFileReference; lastKnownFileType = sourcecode.swift; path = NotificationsVC.swift; sourceTree = "<group>"; };
		ECE6F08C2A4B8430000FA778 /* HomeVC.swift */ = {isa = PBXFileReference; lastKnownFileType = sourcecode.swift; path = HomeVC.swift; sourceTree = "<group>"; };
		ECE6F08E2A4B844A000FA778 /* SearchVC.swift */ = {isa = PBXFileReference; lastKnownFileType = sourcecode.swift; path = SearchVC.swift; sourceTree = "<group>"; };
		ECE6F0912A4BF740000FA778 /* TweetTableViewCell.swift */ = {isa = PBXFileReference; lastKnownFileType = sourcecode.swift; path = TweetTableViewCell.swift; sourceTree = "<group>"; };
		ECE6F0982A4CA62F000FA778 /* CustomLabel.swift */ = {isa = PBXFileReference; lastKnownFileType = sourcecode.swift; path = CustomLabel.swift; sourceTree = "<group>"; };
		ECE6F09B2A4CD210000FA778 /* TweetButton.swift */ = {isa = PBXFileReference; lastKnownFileType = sourcecode.swift; path = TweetButton.swift; sourceTree = "<group>"; };
		ECE6F09E2A4CDE2B000FA778 /* UIView+Ext.swift */ = {isa = PBXFileReference; lastKnownFileType = sourcecode.swift; path = "UIView+Ext.swift"; sourceTree = "<group>"; };
		ECE6F0A02A4EFD70000FA778 /* Constants.swift */ = {isa = PBXFileReference; lastKnownFileType = sourcecode.swift; path = Constants.swift; sourceTree = "<group>"; };
		ECE6F0A32A4F09CF000FA778 /* ProfileVC.swift */ = {isa = PBXFileReference; lastKnownFileType = sourcecode.swift; path = ProfileVC.swift; sourceTree = "<group>"; };
		ECE6F0A52A4F4E75000FA778 /* ProfileTableViewHeader.swift */ = {isa = PBXFileReference; lastKnownFileType = sourcecode.swift; path = ProfileTableViewHeader.swift; sourceTree = "<group>"; };
		ECE6F0A82A4F5AFD000FA778 /* CustomImageView.swift */ = {isa = PBXFileReference; lastKnownFileType = sourcecode.swift; path = CustomImageView.swift; sourceTree = "<group>"; };
/* End PBXFileReference section */

/* Begin PBXFrameworksBuildPhase section */
		ECE6F06A2A4B7B8E000FA778 /* Frameworks */ = {
			isa = PBXFrameworksBuildPhase;
			buildActionMask = 2147483647;
			files = (
				EC64F7A12A53F91E00C900DC /* FirebaseDatabaseSwift in Frameworks */,
				ECE6F0952A4C9FBC000FA778 /* SnapKit in Frameworks */,
				EC64F7AB2A53F91E00C900DC /* FirebaseStorageCombine-Community in Frameworks */,
				EC64F7A92A53F91E00C900DC /* FirebaseStorage in Frameworks */,
				EC64F79D2A53F91E00C900DC /* FirebaseAuthCombine-Community in Frameworks */,
				EC64F79F2A53F91E00C900DC /* FirebaseDatabase in Frameworks */,
				EC64F79B2A53F91E00C900DC /* FirebaseAuth in Frameworks */,
				EC64F7A32A53F91E00C900DC /* FirebaseFirestore in Frameworks */,
				EC64F7A52A53F91E00C900DC /* FirebaseFirestoreCombine-Community in Frameworks */,
				EC64F7A72A53F91E00C900DC /* FirebaseFirestoreSwift in Frameworks */,
			);
			runOnlyForDeploymentPostprocessing = 0;
		};
/* End PBXFrameworksBuildPhase section */

/* Begin PBXGroup section */
		EC06C53C2A55C80B006FE74A /* ViewModels */ = {
			isa = PBXGroup;
			children = (
				EC06C53D2A55C81D006FE74A /* RegisterViewViewModel.swift */,
			);
			path = ViewModels;
			sourceTree = "<group>";
		};
		EC64F7AC2A54282700C900DC /* Onboarding */ = {
			isa = PBXGroup;
			children = (
				EC64F7AD2A54287500C900DC /* OnboardingVC.swift */,
				EC64F7B12A54699900C900DC /* RegisterVC.swift */,
			);
			path = Onboarding;
			sourceTree = "<group>";
		};
		ECE6F0642A4B7B8E000FA778 = {
			isa = PBXGroup;
			children = (
				ECE6F06F2A4B7B8E000FA778 /* TwitterApp */,
				ECE6F06E2A4B7B8E000FA778 /* Products */,
			);
			sourceTree = "<group>";
		};
		ECE6F06E2A4B7B8E000FA778 /* Products */ = {
			isa = PBXGroup;
			children = (
				ECE6F06D2A4B7B8E000FA778 /* TwitterApp.app */,
			);
			name = Products;
			sourceTree = "<group>";
		};
		ECE6F06F2A4B7B8E000FA778 /* TwitterApp */ = {
			isa = PBXGroup;
			children = (
				ECE6F0842A4B7FBD000FA778 /* Support */,
				ECE6F09D2A4CDE1A000FA778 /* Extensions */,
				ECE6F0962A4CA5F5000FA778 /* CustomViews */,
				EC06C53C2A55C80B006FE74A /* ViewModels */,
				ECE6F0902A4BF72A000FA778 /* Views */,
				ECE6F0862A4B83AA000FA778 /* Controllers */,
			);
			path = TwitterApp;
			sourceTree = "<group>";
		};
		ECE6F0842A4B7FBD000FA778 /* Support */ = {
			isa = PBXGroup;
			children = (
				ECE6F0852A4B7FC7000FA778 /* Delegate */,
				ECE6F0792A4B7B90000FA778 /* Assets.xcassets */,
				ECE6F07B2A4B7B90000FA778 /* LaunchScreen.storyboard */,
				ECE6F07E2A4B7B90000FA778 /* Info.plist */,
				EC64F7972A53613900C900DC /* GoogleService-Info.plist */,
			);
			path = Support;
			sourceTree = "<group>";
		};
		ECE6F0852A4B7FC7000FA778 /* Delegate */ = {
			isa = PBXGroup;
			children = (
				ECE6F0702A4B7B8E000FA778 /* AppDelegate.swift */,
				ECE6F0722A4B7B8E000FA778 /* SceneDelegate.swift */,
			);
			path = Delegate;
			sourceTree = "<group>";
		};
		ECE6F0862A4B83AA000FA778 /* Controllers */ = {
			isa = PBXGroup;
			children = (
				EC64F7AC2A54282700C900DC /* Onboarding */,
				ECE6F0A22A4F08C0000FA778 /* General */,
				ECE6F0872A4B83C3000FA778 /* Core */,
			);
			path = Controllers;
			sourceTree = "<group>";
		};
		ECE6F0872A4B83C3000FA778 /* Core */ = {
			isa = PBXGroup;
			children = (
				ECE6F0742A4B7B8E000FA778 /* MainTabBarVC.swift */,
				ECE6F08C2A4B8430000FA778 /* HomeVC.swift */,
				ECE6F08E2A4B844A000FA778 /* SearchVC.swift */,
				ECE6F08A2A4B8416000FA778 /* NotificationsVC.swift */,
				ECE6F0882A4B83ED000FA778 /* DirectMessagesVC.swift */,
			);
			path = Core;
			sourceTree = "<group>";
		};
		ECE6F0902A4BF72A000FA778 /* Views */ = {
			isa = PBXGroup;
			children = (
				ECE6F0912A4BF740000FA778 /* TweetTableViewCell.swift */,
				ECE6F0A52A4F4E75000FA778 /* ProfileTableViewHeader.swift */,
			);
			path = Views;
			sourceTree = "<group>";
		};
		ECE6F0962A4CA5F5000FA778 /* CustomViews */ = {
			isa = PBXGroup;
			children = (
				ECE6F0A72A4F5801000FA778 /* ImageView */,
				ECE6F09A2A4CD1D5000FA778 /* Button */,
				ECE6F0972A4CA5FB000FA778 /* Label */,
			);
			path = CustomViews;
			sourceTree = "<group>";
		};
		ECE6F0972A4CA5FB000FA778 /* Label */ = {
			isa = PBXGroup;
			children = (
				ECE6F0982A4CA62F000FA778 /* CustomLabel.swift */,
			);
			path = Label;
			sourceTree = "<group>";
		};
		ECE6F09A2A4CD1D5000FA778 /* Button */ = {
			isa = PBXGroup;
			children = (
				ECE6F09B2A4CD210000FA778 /* TweetButton.swift */,
				EC06C53A2A558F78006FE74A /* CustomButton.swift */,
			);
			path = Button;
			sourceTree = "<group>";
		};
		ECE6F09D2A4CDE1A000FA778 /* Extensions */ = {
			isa = PBXGroup;
			children = (
				ECE6F09E2A4CDE2B000FA778 /* UIView+Ext.swift */,
				ECE6F0A02A4EFD70000FA778 /* Constants.swift */,
				EC64F7AF2A54440800C900DC /* Color+Ext.swift */,
			);
			path = Extensions;
			sourceTree = "<group>";
		};
		ECE6F0A22A4F08C0000FA778 /* General */ = {
			isa = PBXGroup;
			children = (
				ECE6F0A32A4F09CF000FA778 /* ProfileVC.swift */,
			);
			path = General;
			sourceTree = "<group>";
		};
		ECE6F0A72A4F5801000FA778 /* ImageView */ = {
			isa = PBXGroup;
			children = (
				ECE6F0A82A4F5AFD000FA778 /* CustomImageView.swift */,
			);
			path = ImageView;
			sourceTree = "<group>";
		};
/* End PBXGroup section */

/* Begin PBXNativeTarget section */
		ECE6F06C2A4B7B8E000FA778 /* TwitterApp */ = {
			isa = PBXNativeTarget;
			buildConfigurationList = ECE6F0812A4B7B90000FA778 /* Build configuration list for PBXNativeTarget "TwitterApp" */;
			buildPhases = (
				ECE6F0692A4B7B8E000FA778 /* Sources */,
				ECE6F06A2A4B7B8E000FA778 /* Frameworks */,
				ECE6F06B2A4B7B8E000FA778 /* Resources */,
			);
			buildRules = (
			);
			dependencies = (
			);
			name = TwitterApp;
			packageProductDependencies = (
				ECE6F0942A4C9FBC000FA778 /* SnapKit */,
				EC64F79A2A53F91E00C900DC /* FirebaseAuth */,
				EC64F79C2A53F91E00C900DC /* FirebaseAuthCombine-Community */,
				EC64F79E2A53F91E00C900DC /* FirebaseDatabase */,
				EC64F7A02A53F91E00C900DC /* FirebaseDatabaseSwift */,
				EC64F7A22A53F91E00C900DC /* FirebaseFirestore */,
				EC64F7A42A53F91E00C900DC /* FirebaseFirestoreCombine-Community */,
				EC64F7A62A53F91E00C900DC /* FirebaseFirestoreSwift */,
				EC64F7A82A53F91E00C900DC /* FirebaseStorage */,
				EC64F7AA2A53F91E00C900DC /* FirebaseStorageCombine-Community */,
			);
			productName = TwitterApp;
			productReference = ECE6F06D2A4B7B8E000FA778 /* TwitterApp.app */;
			productType = "com.apple.product-type.application";
		};
/* End PBXNativeTarget section */

/* Begin PBXProject section */
		ECE6F0652A4B7B8E000FA778 /* Project object */ = {
			isa = PBXProject;
			attributes = {
				BuildIndependentTargetsInParallel = 1;
				LastSwiftUpdateCheck = 1410;
				LastUpgradeCheck = 1410;
				TargetAttributes = {
					ECE6F06C2A4B7B8E000FA778 = {
						CreatedOnToolsVersion = 14.1;
					};
				};
			};
			buildConfigurationList = ECE6F0682A4B7B8E000FA778 /* Build configuration list for PBXProject "TwitterApp" */;
			compatibilityVersion = "Xcode 14.0";
			developmentRegion = en;
			hasScannedForEncodings = 0;
			knownRegions = (
				en,
				Base,
			);
			mainGroup = ECE6F0642A4B7B8E000FA778;
			packageReferences = (
				ECE6F0932A4C9FBC000FA778 /* XCRemoteSwiftPackageReference "SnapKit" */,
				EC64F7992A53F91D00C900DC /* XCRemoteSwiftPackageReference "firebase-ios-sdk" */,
			);
			productRefGroup = ECE6F06E2A4B7B8E000FA778 /* Products */;
			projectDirPath = "";
			projectRoot = "";
			targets = (
				ECE6F06C2A4B7B8E000FA778 /* TwitterApp */,
			);
		};
/* End PBXProject section */

/* Begin PBXResourcesBuildPhase section */
		ECE6F06B2A4B7B8E000FA778 /* Resources */ = {
			isa = PBXResourcesBuildPhase;
			buildActionMask = 2147483647;
			files = (
				ECE6F07D2A4B7B90000FA778 /* LaunchScreen.storyboard in Resources */,
				ECE6F07A2A4B7B90000FA778 /* Assets.xcassets in Resources */,
				EC64F7982A53613900C900DC /* GoogleService-Info.plist in Resources */,
			);
			runOnlyForDeploymentPostprocessing = 0;
		};
/* End PBXResourcesBuildPhase section */

/* Begin PBXSourcesBuildPhase section */
		ECE6F0692A4B7B8E000FA778 /* Sources */ = {
			isa = PBXSourcesBuildPhase;
			buildActionMask = 2147483647;
			files = (
				ECE6F0752A4B7B8E000FA778 /* MainTabBarVC.swift in Sources */,
				EC06C53B2A558F78006FE74A /* CustomButton.swift in Sources */,
				ECE6F0992A4CA62F000FA778 /* CustomLabel.swift in Sources */,
				ECE6F08B2A4B8416000FA778 /* NotificationsVC.swift in Sources */,
				ECE6F0892A4B83ED000FA778 /* DirectMessagesVC.swift in Sources */,
				EC64F7B02A54440800C900DC /* Color+Ext.swift in Sources */,
				ECE6F0A92A4F5AFD000FA778 /* CustomImageView.swift in Sources */,
				ECE6F08D2A4B8430000FA778 /* HomeVC.swift in Sources */,
				ECE6F0712A4B7B8E000FA778 /* AppDelegate.swift in Sources */,
				ECE6F0A62A4F4E75000FA778 /* ProfileTableViewHeader.swift in Sources */,
				EC06C53E2A55C81D006FE74A /* RegisterViewViewModel.swift in Sources */,
				ECE6F0732A4B7B8E000FA778 /* SceneDelegate.swift in Sources */,
				EC64F7AE2A54287500C900DC /* OnboardingVC.swift in Sources */,
				ECE6F08F2A4B844A000FA778 /* SearchVC.swift in Sources */,
				ECE6F0A42A4F09CF000FA778 /* ProfileVC.swift in Sources */,
				ECE6F0922A4BF740000FA778 /* TweetTableViewCell.swift in Sources */,
				ECE6F09C2A4CD210000FA778 /* TweetButton.swift in Sources */,
				EC64F7B22A54699900C900DC /* RegisterVC.swift in Sources */,
				ECE6F09F2A4CDE2B000FA778 /* UIView+Ext.swift in Sources */,
				ECE6F0A12A4EFD70000FA778 /* Constants.swift in Sources */,
			);
			runOnlyForDeploymentPostprocessing = 0;
		};
/* End PBXSourcesBuildPhase section */

/* Begin PBXVariantGroup section */
		ECE6F07B2A4B7B90000FA778 /* LaunchScreen.storyboard */ = {
			isa = PBXVariantGroup;
			children = (
				ECE6F07C2A4B7B90000FA778 /* Base */,
			);
			name = LaunchScreen.storyboard;
			sourceTree = "<group>";
		};
/* End PBXVariantGroup section */

/* Begin XCBuildConfiguration section */
		ECE6F07F2A4B7B90000FA778 /* Debug */ = {
			isa = XCBuildConfiguration;
			buildSettings = {
				ALWAYS_SEARCH_USER_PATHS = NO;
				CLANG_ANALYZER_NONNULL = YES;
				CLANG_ANALYZER_NUMBER_OBJECT_CONVERSION = YES_AGGRESSIVE;
				CLANG_CXX_LANGUAGE_STANDARD = "gnu++20";
				CLANG_ENABLE_MODULES = YES;
				CLANG_ENABLE_OBJC_ARC = YES;
				CLANG_ENABLE_OBJC_WEAK = YES;
				CLANG_WARN_BLOCK_CAPTURE_AUTORELEASING = YES;
				CLANG_WARN_BOOL_CONVERSION = YES;
				CLANG_WARN_COMMA = YES;
				CLANG_WARN_CONSTANT_CONVERSION = YES;
				CLANG_WARN_DEPRECATED_OBJC_IMPLEMENTATIONS = YES;
				CLANG_WARN_DIRECT_OBJC_ISA_USAGE = YES_ERROR;
				CLANG_WARN_DOCUMENTATION_COMMENTS = YES;
				CLANG_WARN_EMPTY_BODY = YES;
				CLANG_WARN_ENUM_CONVERSION = YES;
				CLANG_WARN_INFINITE_RECURSION = YES;
				CLANG_WARN_INT_CONVERSION = YES;
				CLANG_WARN_NON_LITERAL_NULL_CONVERSION = YES;
				CLANG_WARN_OBJC_IMPLICIT_RETAIN_SELF = YES;
				CLANG_WARN_OBJC_LITERAL_CONVERSION = YES;
				CLANG_WARN_OBJC_ROOT_CLASS = YES_ERROR;
				CLANG_WARN_QUOTED_INCLUDE_IN_FRAMEWORK_HEADER = YES;
				CLANG_WARN_RANGE_LOOP_ANALYSIS = YES;
				CLANG_WARN_STRICT_PROTOTYPES = YES;
				CLANG_WARN_SUSPICIOUS_MOVE = YES;
				CLANG_WARN_UNGUARDED_AVAILABILITY = YES_AGGRESSIVE;
				CLANG_WARN_UNREACHABLE_CODE = YES;
				CLANG_WARN__DUPLICATE_METHOD_MATCH = YES;
				COPY_PHASE_STRIP = NO;
				DEBUG_INFORMATION_FORMAT = dwarf;
				ENABLE_STRICT_OBJC_MSGSEND = YES;
				ENABLE_TESTABILITY = YES;
				GCC_C_LANGUAGE_STANDARD = gnu11;
				GCC_DYNAMIC_NO_PIC = NO;
				GCC_NO_COMMON_BLOCKS = YES;
				GCC_OPTIMIZATION_LEVEL = 0;
				GCC_PREPROCESSOR_DEFINITIONS = (
					"DEBUG=1",
					"$(inherited)",
				);
				GCC_WARN_64_TO_32_BIT_CONVERSION = YES;
				GCC_WARN_ABOUT_RETURN_TYPE = YES_ERROR;
				GCC_WARN_UNDECLARED_SELECTOR = YES;
				GCC_WARN_UNINITIALIZED_AUTOS = YES_AGGRESSIVE;
				GCC_WARN_UNUSED_FUNCTION = YES;
				GCC_WARN_UNUSED_VARIABLE = YES;
				IPHONEOS_DEPLOYMENT_TARGET = 16.1;
				MTL_ENABLE_DEBUG_INFO = INCLUDE_SOURCE;
				MTL_FAST_MATH = YES;
				ONLY_ACTIVE_ARCH = YES;
				SDKROOT = iphoneos;
				SWIFT_ACTIVE_COMPILATION_CONDITIONS = DEBUG;
				SWIFT_OPTIMIZATION_LEVEL = "-Onone";
			};
			name = Debug;
		};
		ECE6F0802A4B7B90000FA778 /* Release */ = {
			isa = XCBuildConfiguration;
			buildSettings = {
				ALWAYS_SEARCH_USER_PATHS = NO;
				CLANG_ANALYZER_NONNULL = YES;
				CLANG_ANALYZER_NUMBER_OBJECT_CONVERSION = YES_AGGRESSIVE;
				CLANG_CXX_LANGUAGE_STANDARD = "gnu++20";
				CLANG_ENABLE_MODULES = YES;
				CLANG_ENABLE_OBJC_ARC = YES;
				CLANG_ENABLE_OBJC_WEAK = YES;
				CLANG_WARN_BLOCK_CAPTURE_AUTORELEASING = YES;
				CLANG_WARN_BOOL_CONVERSION = YES;
				CLANG_WARN_COMMA = YES;
				CLANG_WARN_CONSTANT_CONVERSION = YES;
				CLANG_WARN_DEPRECATED_OBJC_IMPLEMENTATIONS = YES;
				CLANG_WARN_DIRECT_OBJC_ISA_USAGE = YES_ERROR;
				CLANG_WARN_DOCUMENTATION_COMMENTS = YES;
				CLANG_WARN_EMPTY_BODY = YES;
				CLANG_WARN_ENUM_CONVERSION = YES;
				CLANG_WARN_INFINITE_RECURSION = YES;
				CLANG_WARN_INT_CONVERSION = YES;
				CLANG_WARN_NON_LITERAL_NULL_CONVERSION = YES;
				CLANG_WARN_OBJC_IMPLICIT_RETAIN_SELF = YES;
				CLANG_WARN_OBJC_LITERAL_CONVERSION = YES;
				CLANG_WARN_OBJC_ROOT_CLASS = YES_ERROR;
				CLANG_WARN_QUOTED_INCLUDE_IN_FRAMEWORK_HEADER = YES;
				CLANG_WARN_RANGE_LOOP_ANALYSIS = YES;
				CLANG_WARN_STRICT_PROTOTYPES = YES;
				CLANG_WARN_SUSPICIOUS_MOVE = YES;
				CLANG_WARN_UNGUARDED_AVAILABILITY = YES_AGGRESSIVE;
				CLANG_WARN_UNREACHABLE_CODE = YES;
				CLANG_WARN__DUPLICATE_METHOD_MATCH = YES;
				COPY_PHASE_STRIP = NO;
				DEBUG_INFORMATION_FORMAT = "dwarf-with-dsym";
				ENABLE_NS_ASSERTIONS = NO;
				ENABLE_STRICT_OBJC_MSGSEND = YES;
				GCC_C_LANGUAGE_STANDARD = gnu11;
				GCC_NO_COMMON_BLOCKS = YES;
				GCC_WARN_64_TO_32_BIT_CONVERSION = YES;
				GCC_WARN_ABOUT_RETURN_TYPE = YES_ERROR;
				GCC_WARN_UNDECLARED_SELECTOR = YES;
				GCC_WARN_UNINITIALIZED_AUTOS = YES_AGGRESSIVE;
				GCC_WARN_UNUSED_FUNCTION = YES;
				GCC_WARN_UNUSED_VARIABLE = YES;
				IPHONEOS_DEPLOYMENT_TARGET = 16.1;
				MTL_ENABLE_DEBUG_INFO = NO;
				MTL_FAST_MATH = YES;
				SDKROOT = iphoneos;
				SWIFT_COMPILATION_MODE = wholemodule;
				SWIFT_OPTIMIZATION_LEVEL = "-O";
				VALIDATE_PRODUCT = YES;
			};
			name = Release;
		};
		ECE6F0822A4B7B90000FA778 /* Debug */ = {
			isa = XCBuildConfiguration;
			buildSettings = {
				ASSETCATALOG_COMPILER_APPICON_NAME = AppIcon;
				ASSETCATALOG_COMPILER_GLOBAL_ACCENT_COLOR_NAME = AccentColor;
				CODE_SIGN_STYLE = Automatic;
				CURRENT_PROJECT_VERSION = 1;
				DEVELOPMENT_TEAM = 3KRQW7JR73;
				GENERATE_INFOPLIST_FILE = YES;
				INFOPLIST_FILE = TwitterApp/Support/Info.plist;
				INFOPLIST_KEY_UIApplicationSupportsIndirectInputEvents = YES;
				INFOPLIST_KEY_UILaunchStoryboardName = LaunchScreen;
				INFOPLIST_KEY_UISupportedInterfaceOrientations_iPad = "UIInterfaceOrientationPortrait UIInterfaceOrientationPortraitUpsideDown UIInterfaceOrientationLandscapeLeft UIInterfaceOrientationLandscapeRight";
				INFOPLIST_KEY_UISupportedInterfaceOrientations_iPhone = "UIInterfaceOrientationPortrait UIInterfaceOrientationLandscapeLeft UIInterfaceOrientationLandscapeRight";
				LD_RUNPATH_SEARCH_PATHS = (
					"$(inherited)",
					"@executable_path/Frameworks",
				);
				MARKETING_VERSION = 1.0;
				PRODUCT_BUNDLE_IDENTIFIER = enes.TwitterApp;
				PRODUCT_NAME = "$(TARGET_NAME)";
				SUPPORTED_PLATFORMS = "iphoneos iphonesimulator";
				SUPPORTS_MACCATALYST = NO;
				SUPPORTS_MAC_DESIGNED_FOR_IPHONE_IPAD = NO;
				SWIFT_EMIT_LOC_STRINGS = YES;
				SWIFT_VERSION = 5.0;
				TARGETED_DEVICE_FAMILY = 1;
			};
			name = Debug;
		};
		ECE6F0832A4B7B90000FA778 /* Release */ = {
			isa = XCBuildConfiguration;
			buildSettings = {
				ASSETCATALOG_COMPILER_APPICON_NAME = AppIcon;
				ASSETCATALOG_COMPILER_GLOBAL_ACCENT_COLOR_NAME = AccentColor;
				CODE_SIGN_STYLE = Automatic;
				CURRENT_PROJECT_VERSION = 1;
				DEVELOPMENT_TEAM = 3KRQW7JR73;
				GENERATE_INFOPLIST_FILE = YES;
				INFOPLIST_FILE = TwitterApp/Support/Info.plist;
				INFOPLIST_KEY_UIApplicationSupportsIndirectInputEvents = YES;
				INFOPLIST_KEY_UILaunchStoryboardName = LaunchScreen;
				INFOPLIST_KEY_UISupportedInterfaceOrientations_iPad = "UIInterfaceOrientationPortrait UIInterfaceOrientationPortraitUpsideDown UIInterfaceOrientationLandscapeLeft UIInterfaceOrientationLandscapeRight";
				INFOPLIST_KEY_UISupportedInterfaceOrientations_iPhone = "UIInterfaceOrientationPortrait UIInterfaceOrientationLandscapeLeft UIInterfaceOrientationLandscapeRight";
				LD_RUNPATH_SEARCH_PATHS = (
					"$(inherited)",
					"@executable_path/Frameworks",
				);
				MARKETING_VERSION = 1.0;
				PRODUCT_BUNDLE_IDENTIFIER = enes.TwitterApp;
				PRODUCT_NAME = "$(TARGET_NAME)";
				SUPPORTED_PLATFORMS = "iphoneos iphonesimulator";
				SUPPORTS_MACCATALYST = NO;
				SUPPORTS_MAC_DESIGNED_FOR_IPHONE_IPAD = NO;
				SWIFT_EMIT_LOC_STRINGS = YES;
				SWIFT_VERSION = 5.0;
				TARGETED_DEVICE_FAMILY = 1;
			};
			name = Release;
		};
/* End XCBuildConfiguration section */

/* Begin XCConfigurationList section */
		ECE6F0682A4B7B8E000FA778 /* Build configuration list for PBXProject "TwitterApp" */ = {
			isa = XCConfigurationList;
			buildConfigurations = (
				ECE6F07F2A4B7B90000FA778 /* Debug */,
				ECE6F0802A4B7B90000FA778 /* Release */,
			);
			defaultConfigurationIsVisible = 0;
			defaultConfigurationName = Release;
		};
		ECE6F0812A4B7B90000FA778 /* Build configuration list for PBXNativeTarget "TwitterApp" */ = {
			isa = XCConfigurationList;
			buildConfigurations = (
				ECE6F0822A4B7B90000FA778 /* Debug */,
				ECE6F0832A4B7B90000FA778 /* Release */,
			);
			defaultConfigurationIsVisible = 0;
			defaultConfigurationName = Release;
		};
/* End XCConfigurationList section */

/* Begin XCRemoteSwiftPackageReference section */
		EC64F7992A53F91D00C900DC /* XCRemoteSwiftPackageReference "firebase-ios-sdk" */ = {
			isa = XCRemoteSwiftPackageReference;
			repositoryURL = "https://github.com/firebase/firebase-ios-sdk.git";
			requirement = {
				kind = upToNextMajorVersion;
				minimumVersion = 9.0.0;
			};
		};
		ECE6F0932A4C9FBC000FA778 /* XCRemoteSwiftPackageReference "SnapKit" */ = {
			isa = XCRemoteSwiftPackageReference;
			repositoryURL = "https://github.com/SnapKit/SnapKit.git";
			requirement = {
				kind = upToNextMajorVersion;
				minimumVersion = 5.0.0;
			};
		};
/* End XCRemoteSwiftPackageReference section */

/* Begin XCSwiftPackageProductDependency section */
		EC64F79A2A53F91E00C900DC /* FirebaseAuth */ = {
			isa = XCSwiftPackageProductDependency;
			package = EC64F7992A53F91D00C900DC /* XCRemoteSwiftPackageReference "firebase-ios-sdk" */;
			productName = FirebaseAuth;
		};
		EC64F79C2A53F91E00C900DC /* FirebaseAuthCombine-Community */ = {
			isa = XCSwiftPackageProductDependency;
			package = EC64F7992A53F91D00C900DC /* XCRemoteSwiftPackageReference "firebase-ios-sdk" */;
			productName = "FirebaseAuthCombine-Community";
		};
		EC64F79E2A53F91E00C900DC /* FirebaseDatabase */ = {
			isa = XCSwiftPackageProductDependency;
			package = EC64F7992A53F91D00C900DC /* XCRemoteSwiftPackageReference "firebase-ios-sdk" */;
			productName = FirebaseDatabase;
		};
		EC64F7A02A53F91E00C900DC /* FirebaseDatabaseSwift */ = {
			isa = XCSwiftPackageProductDependency;
			package = EC64F7992A53F91D00C900DC /* XCRemoteSwiftPackageReference "firebase-ios-sdk" */;
			productName = FirebaseDatabaseSwift;
		};
		EC64F7A22A53F91E00C900DC /* FirebaseFirestore */ = {
			isa = XCSwiftPackageProductDependency;
			package = EC64F7992A53F91D00C900DC /* XCRemoteSwiftPackageReference "firebase-ios-sdk" */;
			productName = FirebaseFirestore;
		};
		EC64F7A42A53F91E00C900DC /* FirebaseFirestoreCombine-Community */ = {
			isa = XCSwiftPackageProductDependency;
			package = EC64F7992A53F91D00C900DC /* XCRemoteSwiftPackageReference "firebase-ios-sdk" */;
			productName = "FirebaseFirestoreCombine-Community";
		};
		EC64F7A62A53F91E00C900DC /* FirebaseFirestoreSwift */ = {
			isa = XCSwiftPackageProductDependency;
			package = EC64F7992A53F91D00C900DC /* XCRemoteSwiftPackageReference "firebase-ios-sdk" */;
			productName = FirebaseFirestoreSwift;
		};
		EC64F7A82A53F91E00C900DC /* FirebaseStorage */ = {
			isa = XCSwiftPackageProductDependency;
			package = EC64F7992A53F91D00C900DC /* XCRemoteSwiftPackageReference "firebase-ios-sdk" */;
			productName = FirebaseStorage;
		};
		EC64F7AA2A53F91E00C900DC /* FirebaseStorageCombine-Community */ = {
			isa = XCSwiftPackageProductDependency;
			package = EC64F7992A53F91D00C900DC /* XCRemoteSwiftPackageReference "firebase-ios-sdk" */;
			productName = "FirebaseStorageCombine-Community";
		};
		ECE6F0942A4C9FBC000FA778 /* SnapKit */ = {
			isa = XCSwiftPackageProductDependency;
			package = ECE6F0932A4C9FBC000FA778 /* XCRemoteSwiftPackageReference "SnapKit" */;
			productName = SnapKit;
		};
/* End XCSwiftPackageProductDependency section */
	};
	rootObject = ECE6F0652A4B7B8E000FA778 /* Project object */;
}
